
Microsoft Visual Studio Solution File, Format Version 12.00
# Visual Studio Version 17
VisualStudioVersion = 17.6.33712.159
MinimumVisualStudioVersion = 10.0.40219.1
Project("{888888A0-9F3D-457C-B088-3A5042F75D52}") = "Support_telebot", "Support_telebot\Support_telebot.pyproj", "{F602E3E4-8322-489E-9812-407B69FC21F5}"
EndProject
Global
	GlobalSection(SolutionConfigurationPlatforms) = preSolution
		Debug|Any CPU = Debug|Any CPU
		Release|Any CPU = Release|Any CPU
	EndGlobalSection
	GlobalSection(ProjectConfigurationPlatforms) = postSolution
		{F602E3E4-8322-489E-9812-407B69FC21F5}.Debug|Any CPU.ActiveCfg = Debug|Any CPU
		{F602E3E4-8322-489E-9812-407B69FC21F5}.Release|Any CPU.ActiveCfg = Release|Any CPU
	EndGlobalSection
	GlobalSection(SolutionProperties) = preSolution
		HideSolutionNode = FALSE
	EndGlobalSection
	GlobalSection(ExtensibilityGlobals) = postSolution
		SolutionGuid = {6F73CD2B-D5D0-41F0-AAE2-1C21DCEA0113}
	EndGlobalSection
EndGlobal
